// !$*UTF8*$!
{
	archiveVersion = 1;
	classes = {
	};
	objectVersion = 56;
	objects = {

/* Begin PBXBuildFile section */
		04E799D65BB515490037456B /* Pods_PaulGifty.framework in Frameworks */ = {isa = PBXBuildFile; fileRef = 65B07AB58F0AB479063CC583 /* Pods_PaulGifty.framework */; };
		0E2288702BA1A2030043FD1A /* UIAlertController.swift in Sources */ = {isa = PBXBuildFile; fileRef = 0E22886F2BA1A2030043FD1A /* UIAlertController.swift */; };
		0E2288722BA1A2320043FD1A /* String+Extensions.swift in Sources */ = {isa = PBXBuildFile; fileRef = 0E2288712BA1A2320043FD1A /* String+Extensions.swift */; };
		0E2288742BA1A2DC0043FD1A /* UIApplication+Extensions.swift in Sources */ = {isa = PBXBuildFile; fileRef = 0E2288732BA1A2DC0043FD1A /* UIApplication+Extensions.swift */; };
		0E3EDCEB2BA1A610003C3379 /* LoginWithOTPViewModel.swift in Sources */ = {isa = PBXBuildFile; fileRef = 0E3EDCEA2BA1A610003C3379 /* LoginWithOTPViewModel.swift */; };
		0E3EDCEF2BA1A65A003C3379 /* BaseViewController.swift in Sources */ = {isa = PBXBuildFile; fileRef = 0E3EDCEE2BA1A65A003C3379 /* BaseViewController.swift */; };
		0E3EDCF12BA1A66C003C3379 /* BaseViewModel.swift in Sources */ = {isa = PBXBuildFile; fileRef = 0E3EDCF02BA1A66C003C3379 /* BaseViewModel.swift */; };
		0E9769062BA02262008BFDE6 /* LaunchAnimationViewController.swift in Sources */ = {isa = PBXBuildFile; fileRef = 0E9769052BA02262008BFDE6 /* LaunchAnimationViewController.swift */; };
		0E97690E2BA024D8008BFDE6 /* AppInstance.swift in Sources */ = {isa = PBXBuildFile; fileRef = 0E97690D2BA024D8008BFDE6 /* AppInstance.swift */; };
		0E9769102BA02607008BFDE6 /* Other.storyboard in Resources */ = {isa = PBXBuildFile; fileRef = 0E97690F2BA02607008BFDE6 /* Other.storyboard */; };
		0E9769122BA0300A008BFDE6 /* Auth.storyboard in Resources */ = {isa = PBXBuildFile; fileRef = 0E9769112BA0300A008BFDE6 /* Auth.storyboard */; };
		0E99F20E2BA1A9B4002A2AA4 /* LoadingViewController.swift in Sources */ = {isa = PBXBuildFile; fileRef = 0E99F20D2BA1A9B4002A2AA4 /* LoadingViewController.swift */; };
		0E99F2102BA1C90D002A2AA4 /* RectViewWithTransparentCircle.swift in Sources */ = {isa = PBXBuildFile; fileRef = 0E99F20F2BA1C90D002A2AA4 /* RectViewWithTransparentCircle.swift */; };
		0E99F2122BA1C9F2002A2AA4 /* UIView+Extensions.swift in Sources */ = {isa = PBXBuildFile; fileRef = 0E99F2112BA1C9F2002A2AA4 /* UIView+Extensions.swift */; };
		0EBD520B2BA05CC70020552B /* UIFont+Additions.swift in Sources */ = {isa = PBXBuildFile; fileRef = 0EBD520A2BA05CC70020552B /* UIFont+Additions.swift */; };
		0EBD52162BA0624E0020552B /* Gilroy-Bold.ttf in Resources */ = {isa = PBXBuildFile; fileRef = 0EBD520E2BA0624E0020552B /* Gilroy-Bold.ttf */; };
		0EBD52172BA0624E0020552B /* Gilroy-Regular.ttf in Resources */ = {isa = PBXBuildFile; fileRef = 0EBD520F2BA0624E0020552B /* Gilroy-Regular.ttf */; };
		0EBD52182BA0624E0020552B /* Gilroy-Medium.ttf in Resources */ = {isa = PBXBuildFile; fileRef = 0EBD52102BA0624E0020552B /* Gilroy-Medium.ttf */; };
		0EBD52192BA0624E0020552B /* Gilroy-RegularItalic.ttf in Resources */ = {isa = PBXBuildFile; fileRef = 0EBD52112BA0624E0020552B /* Gilroy-RegularItalic.ttf */; };
		0EBD521A2BA0624E0020552B /* Gilroy-SemiBoldItalic.ttf in Resources */ = {isa = PBXBuildFile; fileRef = 0EBD52122BA0624E0020552B /* Gilroy-SemiBoldItalic.ttf */; };
		0EBD521B2BA0624E0020552B /* Gilroy-SemiBold.ttf in Resources */ = {isa = PBXBuildFile; fileRef = 0EBD52132BA0624E0020552B /* Gilroy-SemiBold.ttf */; };
		0EBD521C2BA0624E0020552B /* Gilroy-Thin.ttf in Resources */ = {isa = PBXBuildFile; fileRef = 0EBD52142BA0624E0020552B /* Gilroy-Thin.ttf */; };
		0EBD521D2BA0624E0020552B /* Gilroy-Light.ttf in Resources */ = {isa = PBXBuildFile; fileRef = 0EBD52152BA0624E0020552B /* Gilroy-Light.ttf */; };
		0EBD52222BA06F6B0020552B /* LoginWithOTPViewController.swift in Sources */ = {isa = PBXBuildFile; fileRef = 0EBD52212BA06F6B0020552B /* LoginWithOTPViewController.swift */; };
		0EBD52242BA07B800020552B /* UIColor+Extensions.swift in Sources */ = {isa = PBXBuildFile; fileRef = 0EBD52232BA07B800020552B /* UIColor+Extensions.swift */; };
		0EC6801B2BA2D94A0095C4A3 /* Date+Extensions.swift in Sources */ = {isa = PBXBuildFile; fileRef = 0EC6801A2BA2D94A0095C4A3 /* Date+Extensions.swift */; };
		0EC919E02BA16F0A008BE451 /* MDCOutlinedTextField+Extensions.swift in Sources */ = {isa = PBXBuildFile; fileRef = 0EC919DF2BA16F0A008BE451 /* MDCOutlinedTextField+Extensions.swift */; };
		0EC919E42BA1737F008BE451 /* CheckboxButton.swift in Sources */ = {isa = PBXBuildFile; fileRef = 0EC919E32BA1737F008BE451 /* CheckboxButton.swift */; };
		0EC919E62BA17C78008BE451 /* UIViewController+Extensions.swift in Sources */ = {isa = PBXBuildFile; fileRef = 0EC919E52BA17C78008BE451 /* UIViewController+Extensions.swift */; };
		0EC919E82BA18AF6008BE451 /* Strings.swift in Sources */ = {isa = PBXBuildFile; fileRef = 0EC919E72BA18AF6008BE451 /* Strings.swift */; };
		0EC919EA2BA18B05008BE451 /* Constants.swift in Sources */ = {isa = PBXBuildFile; fileRef = 0EC919E92BA18B05008BE451 /* Constants.swift */; };
		0EF782E82B9F282D00E57E0F /* AppDelegate.swift in Sources */ = {isa = PBXBuildFile; fileRef = 0EF782E72B9F282D00E57E0F /* AppDelegate.swift */; };
		0EF782EA2B9F282D00E57E0F /* SceneDelegate.swift in Sources */ = {isa = PBXBuildFile; fileRef = 0EF782E92B9F282D00E57E0F /* SceneDelegate.swift */; };
		0EF782EC2B9F282D00E57E0F /* ViewController.swift in Sources */ = {isa = PBXBuildFile; fileRef = 0EF782EB2B9F282D00E57E0F /* ViewController.swift */; };
		0EF782EF2B9F282D00E57E0F /* Main.storyboard in Resources */ = {isa = PBXBuildFile; fileRef = 0EF782ED2B9F282D00E57E0F /* Main.storyboard */; };
		0EF782F12B9F282E00E57E0F /* Assets.xcassets in Resources */ = {isa = PBXBuildFile; fileRef = 0EF782F02B9F282E00E57E0F /* Assets.xcassets */; };
		0EF782F42B9F282E00E57E0F /* LaunchScreen.storyboard in Resources */ = {isa = PBXBuildFile; fileRef = 0EF782F22B9F282E00E57E0F /* LaunchScreen.storyboard */; };
		0EF782FF2B9F282E00E57E0F /* PaulGiftyTests.swift in Sources */ = {isa = PBXBuildFile; fileRef = 0EF782FE2B9F282E00E57E0F /* PaulGiftyTests.swift */; };
		0EF783092B9F282E00E57E0F /* PaulGiftyUITests.swift in Sources */ = {isa = PBXBuildFile; fileRef = 0EF783082B9F282E00E57E0F /* PaulGiftyUITests.swift */; };
		0EF7830B2B9F282E00E57E0F /* PaulGiftyUITestsLaunchTests.swift in Sources */ = {isa = PBXBuildFile; fileRef = 0EF7830A2B9F282E00E57E0F /* PaulGiftyUITestsLaunchTests.swift */; };
		0EF7831D2B9F361700E57E0F /* UIStoryboard+Extensions.swift in Sources */ = {isa = PBXBuildFile; fileRef = 0EF7831C2B9F361700E57E0F /* UIStoryboard+Extensions.swift */; };
		0EF7831F2B9F365900E57E0F /* NSObject+Extensions.swift in Sources */ = {isa = PBXBuildFile; fileRef = 0EF7831E2B9F365900E57E0F /* NSObject+Extensions.swift */; };
		0EFC8A4C2BA3128300574F2A /* MapExistingCardViewController.swift in Sources */ = {isa = PBXBuildFile; fileRef = 0EFC8A4B2BA3128300574F2A /* MapExistingCardViewController.swift */; };
		0EFC8A4E2BA3129200574F2A /* MapExistingCardViewModel.swift in Sources */ = {isa = PBXBuildFile; fileRef = 0EFC8A4D2BA3129200574F2A /* MapExistingCardViewModel.swift */; };
		2CF209728B2D304AD7C85208 /* Pods_PaulGifty_PaulGiftyUITests.framework in Frameworks */ = {isa = PBXBuildFile; fileRef = 335811125DCF18B2B14EC033 /* Pods_PaulGifty_PaulGiftyUITests.framework */; };
		691D3F17E5BB5D6BE23A7892 /* Pods_PaulGiftyTests.framework in Frameworks */ = {isa = PBXBuildFile; fileRef = D54DE789C8DE2E095A58207E /* Pods_PaulGiftyTests.framework */; };
/* End PBXBuildFile section */

/* Begin PBXContainerItemProxy section */
		0EF782FB2B9F282E00E57E0F /* PBXContainerItemProxy */ = {
			isa = PBXContainerItemProxy;
			containerPortal = 0EF782DC2B9F282D00E57E0F /* Project object */;
			proxyType = 1;
			remoteGlobalIDString = 0EF782E32B9F282D00E57E0F;
			remoteInfo = PaulGifty;
		};
		0EF783052B9F282E00E57E0F /* PBXContainerItemProxy */ = {
			isa = PBXContainerItemProxy;
			containerPortal = 0EF782DC2B9F282D00E57E0F /* Project object */;
			proxyType = 1;
			remoteGlobalIDString = 0EF782E32B9F282D00E57E0F;
			remoteInfo = PaulGifty;
		};
/* End PBXContainerItemProxy section */

/* Begin PBXFileReference section */
		0E22886F2BA1A2030043FD1A /* UIAlertController.swift */ = {isa = PBXFileReference; lastKnownFileType = sourcecode.swift; path = UIAlertController.swift; sourceTree = "<group>"; };
		0E2288712BA1A2320043FD1A /* String+Extensions.swift */ = {isa = PBXFileReference; lastKnownFileType = sourcecode.swift; path = "String+Extensions.swift"; sourceTree = "<group>"; };
		0E2288732BA1A2DC0043FD1A /* UIApplication+Extensions.swift */ = {isa = PBXFileReference; lastKnownFileType = sourcecode.swift; path = "UIApplication+Extensions.swift"; sourceTree = "<group>"; };
		0E3EDCEA2BA1A610003C3379 /* LoginWithOTPViewModel.swift */ = {isa = PBXFileReference; lastKnownFileType = sourcecode.swift; path = LoginWithOTPViewModel.swift; sourceTree = "<group>"; };
		0E3EDCEE2BA1A65A003C3379 /* BaseViewController.swift */ = {isa = PBXFileReference; lastKnownFileType = sourcecode.swift; path = BaseViewController.swift; sourceTree = "<group>"; };
		0E3EDCF02BA1A66C003C3379 /* BaseViewModel.swift */ = {isa = PBXFileReference; lastKnownFileType = sourcecode.swift; path = BaseViewModel.swift; sourceTree = "<group>"; };
		0E9769052BA02262008BFDE6 /* LaunchAnimationViewController.swift */ = {isa = PBXFileReference; lastKnownFileType = sourcecode.swift; path = LaunchAnimationViewController.swift; sourceTree = "<group>"; };
		0E97690D2BA024D8008BFDE6 /* AppInstance.swift */ = {isa = PBXFileReference; lastKnownFileType = sourcecode.swift; path = AppInstance.swift; sourceTree = "<group>"; };
		0E97690F2BA02607008BFDE6 /* Other.storyboard */ = {isa = PBXFileReference; lastKnownFileType = file.storyboard; path = Other.storyboard; sourceTree = "<group>"; };
		0E9769112BA0300A008BFDE6 /* Auth.storyboard */ = {isa = PBXFileReference; lastKnownFileType = file.storyboard; path = Auth.storyboard; sourceTree = "<group>"; };
		0E99F20D2BA1A9B4002A2AA4 /* LoadingViewController.swift */ = {isa = PBXFileReference; lastKnownFileType = sourcecode.swift; path = LoadingViewController.swift; sourceTree = "<group>"; };
		0E99F20F2BA1C90D002A2AA4 /* RectViewWithTransparentCircle.swift */ = {isa = PBXFileReference; lastKnownFileType = sourcecode.swift; path = RectViewWithTransparentCircle.swift; sourceTree = "<group>"; };
		0E99F2112BA1C9F2002A2AA4 /* UIView+Extensions.swift */ = {isa = PBXFileReference; lastKnownFileType = sourcecode.swift; path = "UIView+Extensions.swift"; sourceTree = "<group>"; };
		0EBD520A2BA05CC70020552B /* UIFont+Additions.swift */ = {isa = PBXFileReference; lastKnownFileType = sourcecode.swift; path = "UIFont+Additions.swift"; sourceTree = "<group>"; };
		0EBD520E2BA0624E0020552B /* Gilroy-Bold.ttf */ = {isa = PBXFileReference; lastKnownFileType = file; path = "Gilroy-Bold.ttf"; sourceTree = "<group>"; };
		0EBD520F2BA0624E0020552B /* Gilroy-Regular.ttf */ = {isa = PBXFileReference; lastKnownFileType = file; path = "Gilroy-Regular.ttf"; sourceTree = "<group>"; };
		0EBD52102BA0624E0020552B /* Gilroy-Medium.ttf */ = {isa = PBXFileReference; lastKnownFileType = file; path = "Gilroy-Medium.ttf"; sourceTree = "<group>"; };
		0EBD52112BA0624E0020552B /* Gilroy-RegularItalic.ttf */ = {isa = PBXFileReference; lastKnownFileType = file; path = "Gilroy-RegularItalic.ttf"; sourceTree = "<group>"; };
		0EBD52122BA0624E0020552B /* Gilroy-SemiBoldItalic.ttf */ = {isa = PBXFileReference; lastKnownFileType = file; path = "Gilroy-SemiBoldItalic.ttf"; sourceTree = "<group>"; };
		0EBD52132BA0624E0020552B /* Gilroy-SemiBold.ttf */ = {isa = PBXFileReference; lastKnownFileType = file; path = "Gilroy-SemiBold.ttf"; sourceTree = "<group>"; };
		0EBD52142BA0624E0020552B /* Gilroy-Thin.ttf */ = {isa = PBXFileReference; lastKnownFileType = file; path = "Gilroy-Thin.ttf"; sourceTree = "<group>"; };
		0EBD52152BA0624E0020552B /* Gilroy-Light.ttf */ = {isa = PBXFileReference; lastKnownFileType = file; path = "Gilroy-Light.ttf"; sourceTree = "<group>"; };
		0EBD52212BA06F6B0020552B /* LoginWithOTPViewController.swift */ = {isa = PBXFileReference; lastKnownFileType = sourcecode.swift; path = LoginWithOTPViewController.swift; sourceTree = "<group>"; };
		0EBD52232BA07B800020552B /* UIColor+Extensions.swift */ = {isa = PBXFileReference; lastKnownFileType = sourcecode.swift; path = "UIColor+Extensions.swift"; sourceTree = "<group>"; };
		0EC6801A2BA2D94A0095C4A3 /* Date+Extensions.swift */ = {isa = PBXFileReference; lastKnownFileType = sourcecode.swift; path = "Date+Extensions.swift"; sourceTree = "<group>"; };
		0EC919DF2BA16F0A008BE451 /* MDCOutlinedTextField+Extensions.swift */ = {isa = PBXFileReference; lastKnownFileType = sourcecode.swift; path = "MDCOutlinedTextField+Extensions.swift"; sourceTree = "<group>"; };
		0EC919E32BA1737F008BE451 /* CheckboxButton.swift */ = {isa = PBXFileReference; lastKnownFileType = sourcecode.swift; path = CheckboxButton.swift; sourceTree = "<group>"; };
		0EC919E52BA17C78008BE451 /* UIViewController+Extensions.swift */ = {isa = PBXFileReference; lastKnownFileType = sourcecode.swift; path = "UIViewController+Extensions.swift"; sourceTree = "<group>"; };
		0EC919E72BA18AF6008BE451 /* Strings.swift */ = {isa = PBXFileReference; lastKnownFileType = sourcecode.swift; path = Strings.swift; sourceTree = "<group>"; };
		0EC919E92BA18B05008BE451 /* Constants.swift */ = {isa = PBXFileReference; lastKnownFileType = sourcecode.swift; path = Constants.swift; sourceTree = "<group>"; };
		0EF782E42B9F282D00E57E0F /* PaulGifty.app */ = {isa = PBXFileReference; explicitFileType = wrapper.application; includeInIndex = 0; path = PaulGifty.app; sourceTree = BUILT_PRODUCTS_DIR; };
		0EF782E72B9F282D00E57E0F /* AppDelegate.swift */ = {isa = PBXFileReference; lastKnownFileType = sourcecode.swift; path = AppDelegate.swift; sourceTree = "<group>"; };
		0EF782E92B9F282D00E57E0F /* SceneDelegate.swift */ = {isa = PBXFileReference; lastKnownFileType = sourcecode.swift; path = SceneDelegate.swift; sourceTree = "<group>"; };
		0EF782EB2B9F282D00E57E0F /* ViewController.swift */ = {isa = PBXFileReference; lastKnownFileType = sourcecode.swift; path = ViewController.swift; sourceTree = "<group>"; };
		0EF782EE2B9F282D00E57E0F /* Base */ = {isa = PBXFileReference; lastKnownFileType = file.storyboard; name = Base; path = Base.lproj/Main.storyboard; sourceTree = "<group>"; };
		0EF782F02B9F282E00E57E0F /* Assets.xcassets */ = {isa = PBXFileReference; lastKnownFileType = folder.assetcatalog; path = Assets.xcassets; sourceTree = "<group>"; };
		0EF782F32B9F282E00E57E0F /* Base */ = {isa = PBXFileReference; lastKnownFileType = file.storyboard; name = Base; path = Base.lproj/LaunchScreen.storyboard; sourceTree = "<group>"; };
		0EF782F52B9F282E00E57E0F /* Info.plist */ = {isa = PBXFileReference; lastKnownFileType = text.plist.xml; path = Info.plist; sourceTree = "<group>"; };
		0EF782FA2B9F282E00E57E0F /* PaulGiftyTests.xctest */ = {isa = PBXFileReference; explicitFileType = wrapper.cfbundle; includeInIndex = 0; path = PaulGiftyTests.xctest; sourceTree = BUILT_PRODUCTS_DIR; };
		0EF782FE2B9F282E00E57E0F /* PaulGiftyTests.swift */ = {isa = PBXFileReference; lastKnownFileType = sourcecode.swift; path = PaulGiftyTests.swift; sourceTree = "<group>"; };
		0EF783042B9F282E00E57E0F /* PaulGiftyUITests.xctest */ = {isa = PBXFileReference; explicitFileType = wrapper.cfbundle; includeInIndex = 0; path = PaulGiftyUITests.xctest; sourceTree = BUILT_PRODUCTS_DIR; };
		0EF783082B9F282E00E57E0F /* PaulGiftyUITests.swift */ = {isa = PBXFileReference; lastKnownFileType = sourcecode.swift; path = PaulGiftyUITests.swift; sourceTree = "<group>"; };
		0EF7830A2B9F282E00E57E0F /* PaulGiftyUITestsLaunchTests.swift */ = {isa = PBXFileReference; lastKnownFileType = sourcecode.swift; path = PaulGiftyUITestsLaunchTests.swift; sourceTree = "<group>"; };
		0EF7831C2B9F361700E57E0F /* UIStoryboard+Extensions.swift */ = {isa = PBXFileReference; lastKnownFileType = sourcecode.swift; path = "UIStoryboard+Extensions.swift"; sourceTree = "<group>"; };
		0EF7831E2B9F365900E57E0F /* NSObject+Extensions.swift */ = {isa = PBXFileReference; lastKnownFileType = sourcecode.swift; path = "NSObject+Extensions.swift"; sourceTree = "<group>"; };
		0EFC8A4B2BA3128300574F2A /* MapExistingCardViewController.swift */ = {isa = PBXFileReference; lastKnownFileType = sourcecode.swift; path = MapExistingCardViewController.swift; sourceTree = "<group>"; };
		0EFC8A4D2BA3129200574F2A /* MapExistingCardViewModel.swift */ = {isa = PBXFileReference; lastKnownFileType = sourcecode.swift; path = MapExistingCardViewModel.swift; sourceTree = "<group>"; };
		335811125DCF18B2B14EC033 /* Pods_PaulGifty_PaulGiftyUITests.framework */ = {isa = PBXFileReference; explicitFileType = wrapper.framework; includeInIndex = 0; path = Pods_PaulGifty_PaulGiftyUITests.framework; sourceTree = BUILT_PRODUCTS_DIR; };
		37D4A45D6E8ABA983BBA699E /* Pods-PaulGifty.release.xcconfig */ = {isa = PBXFileReference; includeInIndex = 1; lastKnownFileType = text.xcconfig; name = "Pods-PaulGifty.release.xcconfig"; path = "Target Support Files/Pods-PaulGifty/Pods-PaulGifty.release.xcconfig"; sourceTree = "<group>"; };
		3A14C5C8612F639A33FD6A13 /* Pods-PaulGifty-PaulGiftyUITests.release.xcconfig */ = {isa = PBXFileReference; includeInIndex = 1; lastKnownFileType = text.xcconfig; name = "Pods-PaulGifty-PaulGiftyUITests.release.xcconfig"; path = "Target Support Files/Pods-PaulGifty-PaulGiftyUITests/Pods-PaulGifty-PaulGiftyUITests.release.xcconfig"; sourceTree = "<group>"; };
		65B07AB58F0AB479063CC583 /* Pods_PaulGifty.framework */ = {isa = PBXFileReference; explicitFileType = wrapper.framework; includeInIndex = 0; path = Pods_PaulGifty.framework; sourceTree = BUILT_PRODUCTS_DIR; };
		7B826E48A0B77EEAB752BC59 /* Pods-PaulGifty.debug.xcconfig */ = {isa = PBXFileReference; includeInIndex = 1; lastKnownFileType = text.xcconfig; name = "Pods-PaulGifty.debug.xcconfig"; path = "Target Support Files/Pods-PaulGifty/Pods-PaulGifty.debug.xcconfig"; sourceTree = "<group>"; };
		AD8EF2409742703B347C444C /* Pods-PaulGifty-PaulGiftyUITests.debug.xcconfig */ = {isa = PBXFileReference; includeInIndex = 1; lastKnownFileType = text.xcconfig; name = "Pods-PaulGifty-PaulGiftyUITests.debug.xcconfig"; path = "Target Support Files/Pods-PaulGifty-PaulGiftyUITests/Pods-PaulGifty-PaulGiftyUITests.debug.xcconfig"; sourceTree = "<group>"; };
		CAEFFCF4363C51314305AAEA /* Pods-PaulGiftyTests.debug.xcconfig */ = {isa = PBXFileReference; includeInIndex = 1; lastKnownFileType = text.xcconfig; name = "Pods-PaulGiftyTests.debug.xcconfig"; path = "Target Support Files/Pods-PaulGiftyTests/Pods-PaulGiftyTests.debug.xcconfig"; sourceTree = "<group>"; };
		D54DE789C8DE2E095A58207E /* Pods_PaulGiftyTests.framework */ = {isa = PBXFileReference; explicitFileType = wrapper.framework; includeInIndex = 0; path = Pods_PaulGiftyTests.framework; sourceTree = BUILT_PRODUCTS_DIR; };
		E50CCEA602D8EE7E85795D04 /* Pods-PaulGiftyTests.release.xcconfig */ = {isa = PBXFileReference; includeInIndex = 1; lastKnownFileType = text.xcconfig; name = "Pods-PaulGiftyTests.release.xcconfig"; path = "Target Support Files/Pods-PaulGiftyTests/Pods-PaulGiftyTests.release.xcconfig"; sourceTree = "<group>"; };
/* End PBXFileReference section */

/* Begin PBXFrameworksBuildPhase section */
		0EF782E12B9F282D00E57E0F /* Frameworks */ = {
			isa = PBXFrameworksBuildPhase;
			buildActionMask = 2147483647;
			files = (
				04E799D65BB515490037456B /* Pods_PaulGifty.framework in Frameworks */,
			);
			runOnlyForDeploymentPostprocessing = 0;
		};
		0EF782F72B9F282E00E57E0F /* Frameworks */ = {
			isa = PBXFrameworksBuildPhase;
			buildActionMask = 2147483647;
			files = (
				691D3F17E5BB5D6BE23A7892 /* Pods_PaulGiftyTests.framework in Frameworks */,
			);
			runOnlyForDeploymentPostprocessing = 0;
		};
		0EF783012B9F282E00E57E0F /* Frameworks */ = {
			isa = PBXFrameworksBuildPhase;
			buildActionMask = 2147483647;
			files = (
				2CF209728B2D304AD7C85208 /* Pods_PaulGifty_PaulGiftyUITests.framework in Frameworks */,
			);
			runOnlyForDeploymentPostprocessing = 0;
		};
/* End PBXFrameworksBuildPhase section */

/* Begin PBXGroup section */
		0E3EDCE92BA1A5F5003C3379 /* ViewModel */ = {
			isa = PBXGroup;
			children = (
				0E3EDCEA2BA1A610003C3379 /* LoginWithOTPViewModel.swift */,
			);
			path = ViewModel;
			sourceTree = "<group>";
		};
		0E3EDCEC2BA1A634003C3379 /* BaseView */ = {
			isa = PBXGroup;
			children = (
				0E3EDCEE2BA1A65A003C3379 /* BaseViewController.swift */,
				0E3EDCED2BA1A64A003C3379 /* ViewModel */,
			);
			path = BaseView;
			sourceTree = "<group>";
		};
		0E3EDCED2BA1A64A003C3379 /* ViewModel */ = {
			isa = PBXGroup;
			children = (
				0E3EDCF02BA1A66C003C3379 /* BaseViewModel.swift */,
			);
			path = ViewModel;
			sourceTree = "<group>";
		};
		0E9769012BA013FA008BFDE6 /* Storyboards */ = {
			isa = PBXGroup;
			children = (
				0EF782F22B9F282E00E57E0F /* LaunchScreen.storyboard */,
				0E9769112BA0300A008BFDE6 /* Auth.storyboard */,
				0EF782ED2B9F282D00E57E0F /* Main.storyboard */,
				0E97690F2BA02607008BFDE6 /* Other.storyboard */,
			);
			path = Storyboards;
			sourceTree = "<group>";
		};
		0E9769042BA02232008BFDE6 /* LaunchView */ = {
			isa = PBXGroup;
			children = (
				0E9769052BA02262008BFDE6 /* LaunchAnimationViewController.swift */,
			);
			path = LaunchView;
			sourceTree = "<group>";
		};
		0E9769092BA02487008BFDE6 /* SingaltonClasses */ = {
			isa = PBXGroup;
			children = (
				0E97690D2BA024D8008BFDE6 /* AppInstance.swift */,
			);
			path = SingaltonClasses;
			sourceTree = "<group>";
		};
		0E97690A2BA024A2008BFDE6 /* Managers */ = {
			isa = PBXGroup;
			children = (
			);
			path = Managers;
			sourceTree = "<group>";
		};
		0E97690B2BA024B0008BFDE6 /* Utilities */ = {
			isa = PBXGroup;
			children = (
			);
			path = Utilities;
			sourceTree = "<group>";
		};
		0E97690C2BA024BD008BFDE6 /* Constants */ = {
			isa = PBXGroup;
			children = (
				0EC919E72BA18AF6008BE451 /* Strings.swift */,
				0EC919E92BA18B05008BE451 /* Constants.swift */,
			);
			path = Constants;
			sourceTree = "<group>";
		};
		0E99F20C2BA1A995002A2AA4 /* LoadingView */ = {
			isa = PBXGroup;
			children = (
				0E99F20D2BA1A9B4002A2AA4 /* LoadingViewController.swift */,
			);
			path = LoadingView;
			sourceTree = "<group>";
		};
		0EBD520C2BA0620C0020552B /* Fonts */ = {
			isa = PBXGroup;
			children = (
				0EBD520D2BA062140020552B /* Gilroy */,
			);
			path = Fonts;
			sourceTree = "<group>";
		};
		0EBD520D2BA062140020552B /* Gilroy */ = {
			isa = PBXGroup;
			children = (
				0EBD520E2BA0624E0020552B /* Gilroy-Bold.ttf */,
				0EBD52152BA0624E0020552B /* Gilroy-Light.ttf */,
				0EBD52102BA0624E0020552B /* Gilroy-Medium.ttf */,
				0EBD520F2BA0624E0020552B /* Gilroy-Regular.ttf */,
				0EBD52112BA0624E0020552B /* Gilroy-RegularItalic.ttf */,
				0EBD52132BA0624E0020552B /* Gilroy-SemiBold.ttf */,
				0EBD52122BA0624E0020552B /* Gilroy-SemiBoldItalic.ttf */,
				0EBD52142BA0624E0020552B /* Gilroy-Thin.ttf */,
			);
			path = Gilroy;
			sourceTree = "<group>";
		};
		0EBD521E2BA065250020552B /* AuthModule */ = {
			isa = PBXGroup;
			children = (
				0EBD52202BA06F110020552B /* LoginWithOTPView */,
				0EFC8A4A2BA3123000574F2A /* MapExistingCardView */,
			);
			path = AuthModule;
			sourceTree = "<group>";
		};
		0EBD52202BA06F110020552B /* LoginWithOTPView */ = {
			isa = PBXGroup;
			children = (
				0EBD52212BA06F6B0020552B /* LoginWithOTPViewController.swift */,
				0E3EDCE92BA1A5F5003C3379 /* ViewModel */,
			);
			path = LoginWithOTPView;
			sourceTree = "<group>";
		};
		0EC919DC2BA16C07008BE451 /* ReusableViews */ = {
			isa = PBXGroup;
			children = (
				0EC919E32BA1737F008BE451 /* CheckboxButton.swift */,
				0E99F20F2BA1C90D002A2AA4 /* RectViewWithTransparentCircle.swift */,
			);
			path = ReusableViews;
			sourceTree = "<group>";
		};
		0EF782DB2B9F282D00E57E0F = {
			isa = PBXGroup;
			children = (
				0EF782E62B9F282D00E57E0F /* PaulGifty */,
				0EF782FD2B9F282E00E57E0F /* PaulGiftyTests */,
				0EF783072B9F282E00E57E0F /* PaulGiftyUITests */,
				0EF782E52B9F282D00E57E0F /* Products */,
				7190DA6DB22A860C7E49A900 /* Pods */,
				BD708CD33BFFF7EFB50300FE /* Frameworks */,
			);
			sourceTree = "<group>";
		};
		0EF782E52B9F282D00E57E0F /* Products */ = {
			isa = PBXGroup;
			children = (
				0EF782E42B9F282D00E57E0F /* PaulGifty.app */,
				0EF782FA2B9F282E00E57E0F /* PaulGiftyTests.xctest */,
				0EF783042B9F282E00E57E0F /* PaulGiftyUITests.xctest */,
			);
			name = Products;
			sourceTree = "<group>";
		};
		0EF782E62B9F282D00E57E0F /* PaulGifty */ = {
			isa = PBXGroup;
			children = (
				0EF783172B9F287C00E57E0F /* Delegates */,
				0EC919DC2BA16C07008BE451 /* ReusableViews */,
				0EF783182B9F289200E57E0F /* Screens */,
				0E9769012BA013FA008BFDE6 /* Storyboards */,
				0E9769092BA02487008BFDE6 /* SingaltonClasses */,
				0E97690A2BA024A2008BFDE6 /* Managers */,
				0E97690B2BA024B0008BFDE6 /* Utilities */,
				0E97690C2BA024BD008BFDE6 /* Constants */,
				0EF7831B2B9F35E800E57E0F /* Extensions+Helpers */,
				0EF7831A2B9F28D500E57E0F /* Resources */,
			);
			path = PaulGifty;
			sourceTree = "<group>";
		};
		0EF782FD2B9F282E00E57E0F /* PaulGiftyTests */ = {
			isa = PBXGroup;
			children = (
				0EF782FE2B9F282E00E57E0F /* PaulGiftyTests.swift */,
			);
			path = PaulGiftyTests;
			sourceTree = "<group>";
		};
		0EF783072B9F282E00E57E0F /* PaulGiftyUITests */ = {
			isa = PBXGroup;
			children = (
				0EF783082B9F282E00E57E0F /* PaulGiftyUITests.swift */,
				0EF7830A2B9F282E00E57E0F /* PaulGiftyUITestsLaunchTests.swift */,
			);
			path = PaulGiftyUITests;
			sourceTree = "<group>";
		};
		0EF783172B9F287C00E57E0F /* Delegates */ = {
			isa = PBXGroup;
			children = (
				0EF782E72B9F282D00E57E0F /* AppDelegate.swift */,
				0EF782E92B9F282D00E57E0F /* SceneDelegate.swift */,
			);
			path = Delegates;
			sourceTree = "<group>";
		};
		0EF783182B9F289200E57E0F /* Screens */ = {
			isa = PBXGroup;
			children = (
				0EF782EB2B9F282D00E57E0F /* ViewController.swift */,
				0E9769042BA02232008BFDE6 /* LaunchView */,
				0E99F20C2BA1A995002A2AA4 /* LoadingView */,
				0E3EDCEC2BA1A634003C3379 /* BaseView */,
				0EBD521E2BA065250020552B /* AuthModule */,
			);
			path = Screens;
			sourceTree = "<group>";
		};
		0EF7831A2B9F28D500E57E0F /* Resources */ = {
			isa = PBXGroup;
			children = (
				0EBD520C2BA0620C0020552B /* Fonts */,
				0EF782F02B9F282E00E57E0F /* Assets.xcassets */,
				0EF782F52B9F282E00E57E0F /* Info.plist */,
			);
			path = Resources;
			sourceTree = "<group>";
		};
		0EF7831B2B9F35E800E57E0F /* Extensions+Helpers */ = {
			isa = PBXGroup;
			children = (
				0E22886F2BA1A2030043FD1A /* UIAlertController.swift */,
				0EF7831C2B9F361700E57E0F /* UIStoryboard+Extensions.swift */,
				0E2288732BA1A2DC0043FD1A /* UIApplication+Extensions.swift */,
				0EC919E52BA17C78008BE451 /* UIViewController+Extensions.swift */,
				0E99F2112BA1C9F2002A2AA4 /* UIView+Extensions.swift */,
				0EF7831E2B9F365900E57E0F /* NSObject+Extensions.swift */,
				0EBD520A2BA05CC70020552B /* UIFont+Additions.swift */,
				0EBD52232BA07B800020552B /* UIColor+Extensions.swift */,
				0EC919DF2BA16F0A008BE451 /* MDCOutlinedTextField+Extensions.swift */,
				0E2288712BA1A2320043FD1A /* String+Extensions.swift */,
				0EC6801A2BA2D94A0095C4A3 /* Date+Extensions.swift */,
			);
			path = "Extensions+Helpers";
			sourceTree = "<group>";
		};
		0EFC8A4A2BA3123000574F2A /* MapExistingCardView */ = {
			isa = PBXGroup;
			children = (
				0EFC8A4B2BA3128300574F2A /* MapExistingCardViewController.swift */,
				0EFC8A4F2BA3129A00574F2A /* ViewModel */,
			);
			path = MapExistingCardView;
			sourceTree = "<group>";
		};
		0EFC8A4F2BA3129A00574F2A /* ViewModel */ = {
			isa = PBXGroup;
			children = (
				0EFC8A4D2BA3129200574F2A /* MapExistingCardViewModel.swift */,
			);
			path = ViewModel;
			sourceTree = "<group>";
		};
		7190DA6DB22A860C7E49A900 /* Pods */ = {
			isa = PBXGroup;
			children = (
				7B826E48A0B77EEAB752BC59 /* Pods-PaulGifty.debug.xcconfig */,
				37D4A45D6E8ABA983BBA699E /* Pods-PaulGifty.release.xcconfig */,
				AD8EF2409742703B347C444C /* Pods-PaulGifty-PaulGiftyUITests.debug.xcconfig */,
				3A14C5C8612F639A33FD6A13 /* Pods-PaulGifty-PaulGiftyUITests.release.xcconfig */,
				CAEFFCF4363C51314305AAEA /* Pods-PaulGiftyTests.debug.xcconfig */,
				E50CCEA602D8EE7E85795D04 /* Pods-PaulGiftyTests.release.xcconfig */,
			);
			path = Pods;
			sourceTree = "<group>";
		};
		BD708CD33BFFF7EFB50300FE /* Frameworks */ = {
			isa = PBXGroup;
			children = (
				65B07AB58F0AB479063CC583 /* Pods_PaulGifty.framework */,
				335811125DCF18B2B14EC033 /* Pods_PaulGifty_PaulGiftyUITests.framework */,
				D54DE789C8DE2E095A58207E /* Pods_PaulGiftyTests.framework */,
			);
			name = Frameworks;
			sourceTree = "<group>";
		};
/* End PBXGroup section */

/* Begin PBXNativeTarget section */
		0EF782E32B9F282D00E57E0F /* PaulGifty */ = {
			isa = PBXNativeTarget;
			buildConfigurationList = 0EF7830E2B9F282E00E57E0F /* Build configuration list for PBXNativeTarget "PaulGifty" */;
			buildPhases = (
				9568E5D3E311090F9DDC2F0E /* [CP] Check Pods Manifest.lock */,
				0EF782E02B9F282D00E57E0F /* Sources */,
				0EF782E12B9F282D00E57E0F /* Frameworks */,
				0EF782E22B9F282D00E57E0F /* Resources */,
				5EFA9C392DC3D034D3B8FEC1 /* [CP] Embed Pods Frameworks */,
			);
			buildRules = (
			);
			dependencies = (
			);
			name = PaulGifty;
			productName = PaulGifty;
			productReference = 0EF782E42B9F282D00E57E0F /* PaulGifty.app */;
			productType = "com.apple.product-type.application";
		};
		0EF782F92B9F282E00E57E0F /* PaulGiftyTests */ = {
			isa = PBXNativeTarget;
			buildConfigurationList = 0EF783112B9F282E00E57E0F /* Build configuration list for PBXNativeTarget "PaulGiftyTests" */;
			buildPhases = (
				A4EA0685D6F6B3BABEC04AB7 /* [CP] Check Pods Manifest.lock */,
				0EF782F62B9F282E00E57E0F /* Sources */,
				0EF782F72B9F282E00E57E0F /* Frameworks */,
				0EF782F82B9F282E00E57E0F /* Resources */,
			);
			buildRules = (
			);
			dependencies = (
				0EF782FC2B9F282E00E57E0F /* PBXTargetDependency */,
			);
			name = PaulGiftyTests;
			productName = PaulGiftyTests;
			productReference = 0EF782FA2B9F282E00E57E0F /* PaulGiftyTests.xctest */;
			productType = "com.apple.product-type.bundle.unit-test";
		};
		0EF783032B9F282E00E57E0F /* PaulGiftyUITests */ = {
			isa = PBXNativeTarget;
			buildConfigurationList = 0EF783142B9F282E00E57E0F /* Build configuration list for PBXNativeTarget "PaulGiftyUITests" */;
			buildPhases = (
				F4DAAACD911EDC55C21F8CAE /* [CP] Check Pods Manifest.lock */,
				0EF783002B9F282E00E57E0F /* Sources */,
				0EF783012B9F282E00E57E0F /* Frameworks */,
				0EF783022B9F282E00E57E0F /* Resources */,
				2BFF7632B7F7EB050CA3FDD5 /* [CP] Embed Pods Frameworks */,
			);
			buildRules = (
			);
			dependencies = (
				0EF783062B9F282E00E57E0F /* PBXTargetDependency */,
			);
			name = PaulGiftyUITests;
			productName = PaulGiftyUITests;
			productReference = 0EF783042B9F282E00E57E0F /* PaulGiftyUITests.xctest */;
			productType = "com.apple.product-type.bundle.ui-testing";
		};
/* End PBXNativeTarget section */

/* Begin PBXProject section */
		0EF782DC2B9F282D00E57E0F /* Project object */ = {
			isa = PBXProject;
			attributes = {
				BuildIndependentTargetsInParallel = 1;
				LastSwiftUpdateCheck = 1520;
				LastUpgradeCheck = 1520;
				TargetAttributes = {
					0EF782E32B9F282D00E57E0F = {
						CreatedOnToolsVersion = 15.2;
					};
					0EF782F92B9F282E00E57E0F = {
						CreatedOnToolsVersion = 15.2;
						TestTargetID = 0EF782E32B9F282D00E57E0F;
					};
					0EF783032B9F282E00E57E0F = {
						CreatedOnToolsVersion = 15.2;
						TestTargetID = 0EF782E32B9F282D00E57E0F;
					};
				};
			};
			buildConfigurationList = 0EF782DF2B9F282D00E57E0F /* Build configuration list for PBXProject "PaulGifty" */;
			compatibilityVersion = "Xcode 14.0";
			developmentRegion = en;
			hasScannedForEncodings = 0;
			knownRegions = (
				en,
				Base,
			);
			mainGroup = 0EF782DB2B9F282D00E57E0F;
			productRefGroup = 0EF782E52B9F282D00E57E0F /* Products */;
			projectDirPath = "";
			projectRoot = "";
			targets = (
				0EF782E32B9F282D00E57E0F /* PaulGifty */,
				0EF782F92B9F282E00E57E0F /* PaulGiftyTests */,
				0EF783032B9F282E00E57E0F /* PaulGiftyUITests */,
			);
		};
/* End PBXProject section */

/* Begin PBXResourcesBuildPhase section */
		0EF782E22B9F282D00E57E0F /* Resources */ = {
			isa = PBXResourcesBuildPhase;
			buildActionMask = 2147483647;
			files = (
				0EF782F42B9F282E00E57E0F /* LaunchScreen.storyboard in Resources */,
				0EBD521A2BA0624E0020552B /* Gilroy-SemiBoldItalic.ttf in Resources */,
				0EBD52182BA0624E0020552B /* Gilroy-Medium.ttf in Resources */,
				0E9769102BA02607008BFDE6 /* Other.storyboard in Resources */,
				0EBD52192BA0624E0020552B /* Gilroy-RegularItalic.ttf in Resources */,
				0E9769122BA0300A008BFDE6 /* Auth.storyboard in Resources */,
				0EBD52162BA0624E0020552B /* Gilroy-Bold.ttf in Resources */,
				0EBD521B2BA0624E0020552B /* Gilroy-SemiBold.ttf in Resources */,
				0EBD521D2BA0624E0020552B /* Gilroy-Light.ttf in Resources */,
				0EF782F12B9F282E00E57E0F /* Assets.xcassets in Resources */,
				0EBD521C2BA0624E0020552B /* Gilroy-Thin.ttf in Resources */,
				0EBD52172BA0624E0020552B /* Gilroy-Regular.ttf in Resources */,
				0EF782EF2B9F282D00E57E0F /* Main.storyboard in Resources */,
			);
			runOnlyForDeploymentPostprocessing = 0;
		};
		0EF782F82B9F282E00E57E0F /* Resources */ = {
			isa = PBXResourcesBuildPhase;
			buildActionMask = 2147483647;
			files = (
			);
			runOnlyForDeploymentPostprocessing = 0;
		};
		0EF783022B9F282E00E57E0F /* Resources */ = {
			isa = PBXResourcesBuildPhase;
			buildActionMask = 2147483647;
			files = (
			);
			runOnlyForDeploymentPostprocessing = 0;
		};
/* End PBXResourcesBuildPhase section */

/* Begin PBXShellScriptBuildPhase section */
		2BFF7632B7F7EB050CA3FDD5 /* [CP] Embed Pods Frameworks */ = {
			isa = PBXShellScriptBuildPhase;
			buildActionMask = 2147483647;
			files = (
			);
			inputFileListPaths = (
				"${PODS_ROOT}/Target Support Files/Pods-PaulGifty-PaulGiftyUITests/Pods-PaulGifty-PaulGiftyUITests-frameworks-${CONFIGURATION}-input-files.xcfilelist",
			);
			name = "[CP] Embed Pods Frameworks";
			outputFileListPaths = (
				"${PODS_ROOT}/Target Support Files/Pods-PaulGifty-PaulGiftyUITests/Pods-PaulGifty-PaulGiftyUITests-frameworks-${CONFIGURATION}-output-files.xcfilelist",
			);
			runOnlyForDeploymentPostprocessing = 0;
			shellPath = /bin/sh;
			shellScript = "\"${PODS_ROOT}/Target Support Files/Pods-PaulGifty-PaulGiftyUITests/Pods-PaulGifty-PaulGiftyUITests-frameworks.sh\"\n";
			showEnvVarsInLog = 0;
		};
		5EFA9C392DC3D034D3B8FEC1 /* [CP] Embed Pods Frameworks */ = {
			isa = PBXShellScriptBuildPhase;
			buildActionMask = 2147483647;
			files = (
			);
			inputFileListPaths = (
				"${PODS_ROOT}/Target Support Files/Pods-PaulGifty/Pods-PaulGifty-frameworks-${CONFIGURATION}-input-files.xcfilelist",
			);
			name = "[CP] Embed Pods Frameworks";
			outputFileListPaths = (
				"${PODS_ROOT}/Target Support Files/Pods-PaulGifty/Pods-PaulGifty-frameworks-${CONFIGURATION}-output-files.xcfilelist",
			);
			runOnlyForDeploymentPostprocessing = 0;
			shellPath = /bin/sh;
			shellScript = "\"${PODS_ROOT}/Target Support Files/Pods-PaulGifty/Pods-PaulGifty-frameworks.sh\"\n";
			showEnvVarsInLog = 0;
		};
		9568E5D3E311090F9DDC2F0E /* [CP] Check Pods Manifest.lock */ = {
			isa = PBXShellScriptBuildPhase;
			buildActionMask = 2147483647;
			files = (
			);
			inputFileListPaths = (
			);
			inputPaths = (
				"${PODS_PODFILE_DIR_PATH}/Podfile.lock",
				"${PODS_ROOT}/Manifest.lock",
			);
			name = "[CP] Check Pods Manifest.lock";
			outputFileListPaths = (
			);
			outputPaths = (
				"$(DERIVED_FILE_DIR)/Pods-PaulGifty-checkManifestLockResult.txt",
			);
			runOnlyForDeploymentPostprocessing = 0;
			shellPath = /bin/sh;
			shellScript = "diff \"${PODS_PODFILE_DIR_PATH}/Podfile.lock\" \"${PODS_ROOT}/Manifest.lock\" > /dev/null\nif [ $? != 0 ] ; then\n    # print error to STDERR\n    echo \"error: The sandbox is not in sync with the Podfile.lock. Run 'pod install' or update your CocoaPods installation.\" >&2\n    exit 1\nfi\n# This output is used by Xcode 'outputs' to avoid re-running this script phase.\necho \"SUCCESS\" > \"${SCRIPT_OUTPUT_FILE_0}\"\n";
			showEnvVarsInLog = 0;
		};
		A4EA0685D6F6B3BABEC04AB7 /* [CP] Check Pods Manifest.lock */ = {
			isa = PBXShellScriptBuildPhase;
			buildActionMask = 2147483647;
			files = (
			);
			inputFileListPaths = (
			);
			inputPaths = (
				"${PODS_PODFILE_DIR_PATH}/Podfile.lock",
				"${PODS_ROOT}/Manifest.lock",
			);
			name = "[CP] Check Pods Manifest.lock";
			outputFileListPaths = (
			);
			outputPaths = (
				"$(DERIVED_FILE_DIR)/Pods-PaulGiftyTests-checkManifestLockResult.txt",
			);
			runOnlyForDeploymentPostprocessing = 0;
			shellPath = /bin/sh;
			shellScript = "diff \"${PODS_PODFILE_DIR_PATH}/Podfile.lock\" \"${PODS_ROOT}/Manifest.lock\" > /dev/null\nif [ $? != 0 ] ; then\n    # print error to STDERR\n    echo \"error: The sandbox is not in sync with the Podfile.lock. Run 'pod install' or update your CocoaPods installation.\" >&2\n    exit 1\nfi\n# This output is used by Xcode 'outputs' to avoid re-running this script phase.\necho \"SUCCESS\" > \"${SCRIPT_OUTPUT_FILE_0}\"\n";
			showEnvVarsInLog = 0;
		};
		F4DAAACD911EDC55C21F8CAE /* [CP] Check Pods Manifest.lock */ = {
			isa = PBXShellScriptBuildPhase;
			buildActionMask = 2147483647;
			files = (
			);
			inputFileListPaths = (
			);
			inputPaths = (
				"${PODS_PODFILE_DIR_PATH}/Podfile.lock",
				"${PODS_ROOT}/Manifest.lock",
			);
			name = "[CP] Check Pods Manifest.lock";
			outputFileListPaths = (
			);
			outputPaths = (
				"$(DERIVED_FILE_DIR)/Pods-PaulGifty-PaulGiftyUITests-checkManifestLockResult.txt",
			);
			runOnlyForDeploymentPostprocessing = 0;
			shellPath = /bin/sh;
			shellScript = "diff \"${PODS_PODFILE_DIR_PATH}/Podfile.lock\" \"${PODS_ROOT}/Manifest.lock\" > /dev/null\nif [ $? != 0 ] ; then\n    # print error to STDERR\n    echo \"error: The sandbox is not in sync with the Podfile.lock. Run 'pod install' or update your CocoaPods installation.\" >&2\n    exit 1\nfi\n# This output is used by Xcode 'outputs' to avoid re-running this script phase.\necho \"SUCCESS\" > \"${SCRIPT_OUTPUT_FILE_0}\"\n";
			showEnvVarsInLog = 0;
		};
/* End PBXShellScriptBuildPhase section */

/* Begin PBXSourcesBuildPhase section */
		0EF782E02B9F282D00E57E0F /* Sources */ = {
			isa = PBXSourcesBuildPhase;
			buildActionMask = 2147483647;
			files = (
				0EFC8A4C2BA3128300574F2A /* MapExistingCardViewController.swift in Sources */,
				0EBD520B2BA05CC70020552B /* UIFont+Additions.swift in Sources */,
				0EBD52242BA07B800020552B /* UIColor+Extensions.swift in Sources */,
				0E2288742BA1A2DC0043FD1A /* UIApplication+Extensions.swift in Sources */,
				0EC919E62BA17C78008BE451 /* UIViewController+Extensions.swift in Sources */,
				0EC919E02BA16F0A008BE451 /* MDCOutlinedTextField+Extensions.swift in Sources */,
				0E3EDCEF2BA1A65A003C3379 /* BaseViewController.swift in Sources */,
				0E99F2122BA1C9F2002A2AA4 /* UIView+Extensions.swift in Sources */,
				0EF7831F2B9F365900E57E0F /* NSObject+Extensions.swift in Sources */,
				0E3EDCEB2BA1A610003C3379 /* LoginWithOTPViewModel.swift in Sources */,
				0EC919EA2BA18B05008BE451 /* Constants.swift in Sources */,
				0EFC8A4E2BA3129200574F2A /* MapExistingCardViewModel.swift in Sources */,
				0E99F2102BA1C90D002A2AA4 /* RectViewWithTransparentCircle.swift in Sources */,
				0EF782EC2B9F282D00E57E0F /* ViewController.swift in Sources */,
				0EC919E82BA18AF6008BE451 /* Strings.swift in Sources */,
				0E97690E2BA024D8008BFDE6 /* AppInstance.swift in Sources */,
				0EBD52222BA06F6B0020552B /* LoginWithOTPViewController.swift in Sources */,
				0EF782E82B9F282D00E57E0F /* AppDelegate.swift in Sources */,
				0EC919E42BA1737F008BE451 /* CheckboxButton.swift in Sources */,
				0E2288722BA1A2320043FD1A /* String+Extensions.swift in Sources */,
				0EC6801B2BA2D94A0095C4A3 /* Date+Extensions.swift in Sources */,
				0E2288702BA1A2030043FD1A /* UIAlertController.swift in Sources */,
				0E3EDCF12BA1A66C003C3379 /* BaseViewModel.swift in Sources */,
				0EF7831D2B9F361700E57E0F /* UIStoryboard+Extensions.swift in Sources */,
				0E99F20E2BA1A9B4002A2AA4 /* LoadingViewController.swift in Sources */,
				0EF782EA2B9F282D00E57E0F /* SceneDelegate.swift in Sources */,
				0E9769062BA02262008BFDE6 /* LaunchAnimationViewController.swift in Sources */,
			);
			runOnlyForDeploymentPostprocessing = 0;
		};
		0EF782F62B9F282E00E57E0F /* Sources */ = {
			isa = PBXSourcesBuildPhase;
			buildActionMask = 2147483647;
			files = (
				0EF782FF2B9F282E00E57E0F /* PaulGiftyTests.swift in Sources */,
			);
			runOnlyForDeploymentPostprocessing = 0;
		};
		0EF783002B9F282E00E57E0F /* Sources */ = {
			isa = PBXSourcesBuildPhase;
			buildActionMask = 2147483647;
			files = (
				0EF7830B2B9F282E00E57E0F /* PaulGiftyUITestsLaunchTests.swift in Sources */,
				0EF783092B9F282E00E57E0F /* PaulGiftyUITests.swift in Sources */,
			);
			runOnlyForDeploymentPostprocessing = 0;
		};
/* End PBXSourcesBuildPhase section */

/* Begin PBXTargetDependency section */
		0EF782FC2B9F282E00E57E0F /* PBXTargetDependency */ = {
			isa = PBXTargetDependency;
			target = 0EF782E32B9F282D00E57E0F /* PaulGifty */;
			targetProxy = 0EF782FB2B9F282E00E57E0F /* PBXContainerItemProxy */;
		};
		0EF783062B9F282E00E57E0F /* PBXTargetDependency */ = {
			isa = PBXTargetDependency;
			target = 0EF782E32B9F282D00E57E0F /* PaulGifty */;
			targetProxy = 0EF783052B9F282E00E57E0F /* PBXContainerItemProxy */;
		};
/* End PBXTargetDependency section */

/* Begin PBXVariantGroup section */
		0EF782ED2B9F282D00E57E0F /* Main.storyboard */ = {
			isa = PBXVariantGroup;
			children = (
				0EF782EE2B9F282D00E57E0F /* Base */,
			);
			name = Main.storyboard;
			sourceTree = "<group>";
		};
		0EF782F22B9F282E00E57E0F /* LaunchScreen.storyboard */ = {
			isa = PBXVariantGroup;
			children = (
				0EF782F32B9F282E00E57E0F /* Base */,
			);
			name = LaunchScreen.storyboard;
			sourceTree = "<group>";
		};
/* End PBXVariantGroup section */

/* Begin XCBuildConfiguration section */
		0EF7830C2B9F282E00E57E0F /* Debug */ = {
			isa = XCBuildConfiguration;
			buildSettings = {
				ALWAYS_SEARCH_USER_PATHS = NO;
				ASSETCATALOG_COMPILER_GENERATE_SWIFT_ASSET_SYMBOL_EXTENSIONS = YES;
				CLANG_ANALYZER_NONNULL = YES;
				CLANG_ANALYZER_NUMBER_OBJECT_CONVERSION = YES_AGGRESSIVE;
				CLANG_CXX_LANGUAGE_STANDARD = "gnu++20";
				CLANG_ENABLE_MODULES = YES;
				CLANG_ENABLE_OBJC_ARC = YES;
				CLANG_ENABLE_OBJC_WEAK = YES;
				CLANG_WARN_BLOCK_CAPTURE_AUTORELEASING = YES;
				CLANG_WARN_BOOL_CONVERSION = YES;
				CLANG_WARN_COMMA = YES;
				CLANG_WARN_CONSTANT_CONVERSION = YES;
				CLANG_WARN_DEPRECATED_OBJC_IMPLEMENTATIONS = YES;
				CLANG_WARN_DIRECT_OBJC_ISA_USAGE = YES_ERROR;
				CLANG_WARN_DOCUMENTATION_COMMENTS = YES;
				CLANG_WARN_EMPTY_BODY = YES;
				CLANG_WARN_ENUM_CONVERSION = YES;
				CLANG_WARN_INFINITE_RECURSION = YES;
				CLANG_WARN_INT_CONVERSION = YES;
				CLANG_WARN_NON_LITERAL_NULL_CONVERSION = YES;
				CLANG_WARN_OBJC_IMPLICIT_RETAIN_SELF = YES;
				CLANG_WARN_OBJC_LITERAL_CONVERSION = YES;
				CLANG_WARN_OBJC_ROOT_CLASS = YES_ERROR;
				CLANG_WARN_QUOTED_INCLUDE_IN_FRAMEWORK_HEADER = YES;
				CLANG_WARN_RANGE_LOOP_ANALYSIS = YES;
				CLANG_WARN_STRICT_PROTOTYPES = YES;
				CLANG_WARN_SUSPICIOUS_MOVE = YES;
				CLANG_WARN_UNGUARDED_AVAILABILITY = YES_AGGRESSIVE;
				CLANG_WARN_UNREACHABLE_CODE = YES;
				CLANG_WARN__DUPLICATE_METHOD_MATCH = YES;
				COPY_PHASE_STRIP = NO;
				DEBUG_INFORMATION_FORMAT = dwarf;
				ENABLE_STRICT_OBJC_MSGSEND = YES;
				ENABLE_TESTABILITY = YES;
				ENABLE_USER_SCRIPT_SANDBOXING = YES;
				GCC_C_LANGUAGE_STANDARD = gnu17;
				GCC_DYNAMIC_NO_PIC = NO;
				GCC_NO_COMMON_BLOCKS = YES;
				GCC_OPTIMIZATION_LEVEL = 0;
				GCC_PREPROCESSOR_DEFINITIONS = (
					"DEBUG=1",
					"$(inherited)",
				);
				GCC_WARN_64_TO_32_BIT_CONVERSION = YES;
				GCC_WARN_ABOUT_RETURN_TYPE = YES_ERROR;
				GCC_WARN_UNDECLARED_SELECTOR = YES;
				GCC_WARN_UNINITIALIZED_AUTOS = YES_AGGRESSIVE;
				GCC_WARN_UNUSED_FUNCTION = YES;
				GCC_WARN_UNUSED_VARIABLE = YES;
				IPHONEOS_DEPLOYMENT_TARGET = 16.2;
				LOCALIZATION_PREFERS_STRING_CATALOGS = YES;
				MTL_ENABLE_DEBUG_INFO = INCLUDE_SOURCE;
				MTL_FAST_MATH = YES;
				ONLY_ACTIVE_ARCH = YES;
				SDKROOT = iphoneos;
				SWIFT_ACTIVE_COMPILATION_CONDITIONS = "DEBUG $(inherited)";
				SWIFT_OPTIMIZATION_LEVEL = "-Onone";
			};
			name = Debug;
		};
		0EF7830D2B9F282E00E57E0F /* Release */ = {
			isa = XCBuildConfiguration;
			buildSettings = {
				ALWAYS_SEARCH_USER_PATHS = NO;
				ASSETCATALOG_COMPILER_GENERATE_SWIFT_ASSET_SYMBOL_EXTENSIONS = YES;
				CLANG_ANALYZER_NONNULL = YES;
				CLANG_ANALYZER_NUMBER_OBJECT_CONVERSION = YES_AGGRESSIVE;
				CLANG_CXX_LANGUAGE_STANDARD = "gnu++20";
				CLANG_ENABLE_MODULES = YES;
				CLANG_ENABLE_OBJC_ARC = YES;
				CLANG_ENABLE_OBJC_WEAK = YES;
				CLANG_WARN_BLOCK_CAPTURE_AUTORELEASING = YES;
				CLANG_WARN_BOOL_CONVERSION = YES;
				CLANG_WARN_COMMA = YES;
				CLANG_WARN_CONSTANT_CONVERSION = YES;
				CLANG_WARN_DEPRECATED_OBJC_IMPLEMENTATIONS = YES;
				CLANG_WARN_DIRECT_OBJC_ISA_USAGE = YES_ERROR;
				CLANG_WARN_DOCUMENTATION_COMMENTS = YES;
				CLANG_WARN_EMPTY_BODY = YES;
				CLANG_WARN_ENUM_CONVERSION = YES;
				CLANG_WARN_INFINITE_RECURSION = YES;
				CLANG_WARN_INT_CONVERSION = YES;
				CLANG_WARN_NON_LITERAL_NULL_CONVERSION = YES;
				CLANG_WARN_OBJC_IMPLICIT_RETAIN_SELF = YES;
				CLANG_WARN_OBJC_LITERAL_CONVERSION = YES;
				CLANG_WARN_OBJC_ROOT_CLASS = YES_ERROR;
				CLANG_WARN_QUOTED_INCLUDE_IN_FRAMEWORK_HEADER = YES;
				CLANG_WARN_RANGE_LOOP_ANALYSIS = YES;
				CLANG_WARN_STRICT_PROTOTYPES = YES;
				CLANG_WARN_SUSPICIOUS_MOVE = YES;
				CLANG_WARN_UNGUARDED_AVAILABILITY = YES_AGGRESSIVE;
				CLANG_WARN_UNREACHABLE_CODE = YES;
				CLANG_WARN__DUPLICATE_METHOD_MATCH = YES;
				COPY_PHASE_STRIP = NO;
				DEBUG_INFORMATION_FORMAT = "dwarf-with-dsym";
				ENABLE_NS_ASSERTIONS = NO;
				ENABLE_STRICT_OBJC_MSGSEND = YES;
				ENABLE_USER_SCRIPT_SANDBOXING = YES;
				GCC_C_LANGUAGE_STANDARD = gnu17;
				GCC_NO_COMMON_BLOCKS = YES;
				GCC_WARN_64_TO_32_BIT_CONVERSION = YES;
				GCC_WARN_ABOUT_RETURN_TYPE = YES_ERROR;
				GCC_WARN_UNDECLARED_SELECTOR = YES;
				GCC_WARN_UNINITIALIZED_AUTOS = YES_AGGRESSIVE;
				GCC_WARN_UNUSED_FUNCTION = YES;
				GCC_WARN_UNUSED_VARIABLE = YES;
				IPHONEOS_DEPLOYMENT_TARGET = 16.2;
				LOCALIZATION_PREFERS_STRING_CATALOGS = YES;
				MTL_ENABLE_DEBUG_INFO = NO;
				MTL_FAST_MATH = YES;
				SDKROOT = iphoneos;
				SWIFT_COMPILATION_MODE = wholemodule;
				VALIDATE_PRODUCT = YES;
			};
			name = Release;
		};
		0EF7830F2B9F282E00E57E0F /* Debug */ = {
			isa = XCBuildConfiguration;
			baseConfigurationReference = 7B826E48A0B77EEAB752BC59 /* Pods-PaulGifty.debug.xcconfig */;
			buildSettings = {
				ASSETCATALOG_COMPILER_APPICON_NAME = AppIcon;
				ASSETCATALOG_COMPILER_GLOBAL_ACCENT_COLOR_NAME = AccentColor;
				CODE_SIGN_STYLE = Automatic;
				CURRENT_PROJECT_VERSION = 1;
				DEVELOPMENT_TEAM = HCDKS6755V;
				ENABLE_USER_SCRIPT_SANDBOXING = NO;
				GENERATE_INFOPLIST_FILE = YES;
				INFOPLIST_FILE = PaulGifty/Resources/Info.plist;
				INFOPLIST_KEY_CFBundleDisplayName = "Paul Gifty";
				INFOPLIST_KEY_UIApplicationSupportsIndirectInputEvents = YES;
				INFOPLIST_KEY_UILaunchStoryboardName = LaunchScreen;
				INFOPLIST_KEY_UIMainStoryboardFile = Main;
				INFOPLIST_KEY_UISupportedInterfaceOrientations_iPad = "UIInterfaceOrientationPortrait UIInterfaceOrientationPortraitUpsideDown UIInterfaceOrientationLandscapeLeft UIInterfaceOrientationLandscapeRight";
				INFOPLIST_KEY_UISupportedInterfaceOrientations_iPhone = "UIInterfaceOrientationPortrait UIInterfaceOrientationLandscapeLeft UIInterfaceOrientationLandscapeRight";
				LD_RUNPATH_SEARCH_PATHS = (
					"$(inherited)",
					"@executable_path/Frameworks",
				);
				MARKETING_VERSION = 1.0;
				PRODUCT_BUNDLE_IDENTIFIER = com.paulfincap.paulgifty;
				PRODUCT_NAME = "$(TARGET_NAME)";
				SUPPORTED_PLATFORMS = "iphoneos iphonesimulator";
				SUPPORTS_MACCATALYST = NO;
				SUPPORTS_MAC_DESIGNED_FOR_IPHONE_IPAD = NO;
				SUPPORTS_XR_DESIGNED_FOR_IPHONE_IPAD = NO;
				SWIFT_EMIT_LOC_STRINGS = YES;
				SWIFT_VERSION = 5.0;
				TARGETED_DEVICE_FAMILY = "1,2";
			};
			name = Debug;
		};
		0EF783102B9F282E00E57E0F /* Release */ = {
			isa = XCBuildConfiguration;
			baseConfigurationReference = 37D4A45D6E8ABA983BBA699E /* Pods-PaulGifty.release.xcconfig */;
			buildSettings = {
				ASSETCATALOG_COMPILER_APPICON_NAME = AppIcon;
				ASSETCATALOG_COMPILER_GLOBAL_ACCENT_COLOR_NAME = AccentColor;
				CODE_SIGN_STYLE = Automatic;
				CURRENT_PROJECT_VERSION = 1;
				DEVELOPMENT_TEAM = HCDKS6755V;
				ENABLE_USER_SCRIPT_SANDBOXING = NO;
				GENERATE_INFOPLIST_FILE = YES;
				INFOPLIST_FILE = PaulGifty/Resources/Info.plist;
				INFOPLIST_KEY_CFBundleDisplayName = "Paul Gifty";
				INFOPLIST_KEY_UIApplicationSupportsIndirectInputEvents = YES;
				INFOPLIST_KEY_UILaunchStoryboardName = LaunchScreen;
				INFOPLIST_KEY_UIMainStoryboardFile = Main;
				INFOPLIST_KEY_UISupportedInterfaceOrientations_iPad = "UIInterfaceOrientationPortrait UIInterfaceOrientationPortraitUpsideDown UIInterfaceOrientationLandscapeLeft UIInterfaceOrientationLandscapeRight";
				INFOPLIST_KEY_UISupportedInterfaceOrientations_iPhone = "UIInterfaceOrientationPortrait UIInterfaceOrientationLandscapeLeft UIInterfaceOrientationLandscapeRight";
				LD_RUNPATH_SEARCH_PATHS = (
					"$(inherited)",
					"@executable_path/Frameworks",
				);
				MARKETING_VERSION = 1.0;
				PRODUCT_BUNDLE_IDENTIFIER = com.paulfincap.paulgifty;
				PRODUCT_NAME = "$(TARGET_NAME)";
				SUPPORTED_PLATFORMS = "iphoneos iphonesimulator";
				SUPPORTS_MACCATALYST = NO;
				SUPPORTS_MAC_DESIGNED_FOR_IPHONE_IPAD = NO;
				SUPPORTS_XR_DESIGNED_FOR_IPHONE_IPAD = NO;
				SWIFT_EMIT_LOC_STRINGS = YES;
				SWIFT_VERSION = 5.0;
				TARGETED_DEVICE_FAMILY = "1,2";
			};
			name = Release;
		};
		0EF783122B9F282E00E57E0F /* Debug */ = {
			isa = XCBuildConfiguration;
			baseConfigurationReference = CAEFFCF4363C51314305AAEA /* Pods-PaulGiftyTests.debug.xcconfig */;
			buildSettings = {
				ALWAYS_EMBED_SWIFT_STANDARD_LIBRARIES = YES;
				BUNDLE_LOADER = "$(TEST_HOST)";
				CODE_SIGN_STYLE = Automatic;
				CURRENT_PROJECT_VERSION = 1;
				DEVELOPMENT_TEAM = HCDKS6755V;
				GENERATE_INFOPLIST_FILE = YES;
				IPHONEOS_DEPLOYMENT_TARGET = 17.2;
				MARKETING_VERSION = 1.0;
				PRODUCT_BUNDLE_IDENTIFIER = com.paulfincap.PaulGiftyTests;
				PRODUCT_NAME = "$(TARGET_NAME)";
				SWIFT_EMIT_LOC_STRINGS = NO;
				SWIFT_VERSION = 5.0;
				TARGETED_DEVICE_FAMILY = "1,2";
				TEST_HOST = "$(BUILT_PRODUCTS_DIR)/PaulGifty.app/$(BUNDLE_EXECUTABLE_FOLDER_PATH)/PaulGifty";
			};
			name = Debug;
		};
		0EF783132B9F282E00E57E0F /* Release */ = {
			isa = XCBuildConfiguration;
			baseConfigurationReference = E50CCEA602D8EE7E85795D04 /* Pods-PaulGiftyTests.release.xcconfig */;
			buildSettings = {
				ALWAYS_EMBED_SWIFT_STANDARD_LIBRARIES = YES;
				BUNDLE_LOADER = "$(TEST_HOST)";
				CODE_SIGN_STYLE = Automatic;
				CURRENT_PROJECT_VERSION = 1;
				DEVELOPMENT_TEAM = HCDKS6755V;
				GENERATE_INFOPLIST_FILE = YES;
				IPHONEOS_DEPLOYMENT_TARGET = 17.2;
				MARKETING_VERSION = 1.0;
				PRODUCT_BUNDLE_IDENTIFIER = com.paulfincap.PaulGiftyTests;
				PRODUCT_NAME = "$(TARGET_NAME)";
				SWIFT_EMIT_LOC_STRINGS = NO;
				SWIFT_VERSION = 5.0;
				TARGETED_DEVICE_FAMILY = "1,2";
				TEST_HOST = "$(BUILT_PRODUCTS_DIR)/PaulGifty.app/$(BUNDLE_EXECUTABLE_FOLDER_PATH)/PaulGifty";
			};
			name = Release;
		};
		0EF783152B9F282E00E57E0F /* Debug */ = {
			isa = XCBuildConfiguration;
			baseConfigurationReference = AD8EF2409742703B347C444C /* Pods-PaulGifty-PaulGiftyUITests.debug.xcconfig */;
			buildSettings = {
				ALWAYS_EMBED_SWIFT_STANDARD_LIBRARIES = YES;
				CODE_SIGN_STYLE = Automatic;
				CURRENT_PROJECT_VERSION = 1;
				DEVELOPMENT_TEAM = HCDKS6755V;
				GENERATE_INFOPLIST_FILE = YES;
				MARKETING_VERSION = 1.0;
				PRODUCT_BUNDLE_IDENTIFIER = com.paulfincap.PaulGiftyUITests;
				PRODUCT_NAME = "$(TARGET_NAME)";
				SWIFT_EMIT_LOC_STRINGS = NO;
				SWIFT_VERSION = 5.0;
				TARGETED_DEVICE_FAMILY = "1,2";
				TEST_TARGET_NAME = PaulGifty;
			};
			name = Debug;
		};
		0EF783162B9F282E00E57E0F /* Release */ = {
			isa = XCBuildConfiguration;
			baseConfigurationReference = 3A14C5C8612F639A33FD6A13 /* Pods-PaulGifty-PaulGiftyUITests.release.xcconfig */;
			buildSettings = {
				ALWAYS_EMBED_SWIFT_STANDARD_LIBRARIES = YES;
				CODE_SIGN_STYLE = Automatic;
				CURRENT_PROJECT_VERSION = 1;
				DEVELOPMENT_TEAM = HCDKS6755V;
				GENERATE_INFOPLIST_FILE = YES;
				MARKETING_VERSION = 1.0;
				PRODUCT_BUNDLE_IDENTIFIER = com.paulfincap.PaulGiftyUITests;
				PRODUCT_NAME = "$(TARGET_NAME)";
				SWIFT_EMIT_LOC_STRINGS = NO;
				SWIFT_VERSION = 5.0;
				TARGETED_DEVICE_FAMILY = "1,2";
				TEST_TARGET_NAME = PaulGifty;
			};
			name = Release;
		};
/* End XCBuildConfiguration section */

/* Begin XCConfigurationList section */
		0EF782DF2B9F282D00E57E0F /* Build configuration list for PBXProject "PaulGifty" */ = {
			isa = XCConfigurationList;
			buildConfigurations = (
				0EF7830C2B9F282E00E57E0F /* Debug */,
				0EF7830D2B9F282E00E57E0F /* Release */,
			);
			defaultConfigurationIsVisible = 0;
			defaultConfigurationName = Release;
		};
		0EF7830E2B9F282E00E57E0F /* Build configuration list for PBXNativeTarget "PaulGifty" */ = {
			isa = XCConfigurationList;
			buildConfigurations = (
				0EF7830F2B9F282E00E57E0F /* Debug */,
				0EF783102B9F282E00E57E0F /* Release */,
			);
			defaultConfigurationIsVisible = 0;
			defaultConfigurationName = Release;
		};
		0EF783112B9F282E00E57E0F /* Build configuration list for PBXNativeTarget "PaulGiftyTests" */ = {
			isa = XCConfigurationList;
			buildConfigurations = (
				0EF783122B9F282E00E57E0F /* Debug */,
				0EF783132B9F282E00E57E0F /* Release */,
			);
			defaultConfigurationIsVisible = 0;
			defaultConfigurationName = Release;
		};
		0EF783142B9F282E00E57E0F /* Build configuration list for PBXNativeTarget "PaulGiftyUITests" */ = {
			isa = XCConfigurationList;
			buildConfigurations = (
				0EF783152B9F282E00E57E0F /* Debug */,
				0EF783162B9F282E00E57E0F /* Release */,
			);
			defaultConfigurationIsVisible = 0;
			defaultConfigurationName = Release;
		};
/* End XCConfigurationList section */
	};
	rootObject = 0EF782DC2B9F282D00E57E0F /* Project object */;
}
